# This file is automatically @generated by Cargo.
# It is not intended for manual editing.
version = 4

[[package]]
name = "cfg-if"
version = "1.0.4"
source = "registry+https://github.com/rust-lang/crates.io-index"
checksum = "9330f8b2ff13f34540b44e946ef35111825727b38d33286ef986142615121801"

[[package]]
name = "encoding_rs"
version = "0.8.35"
source = "registry+https://github.com/rust-lang/crates.io-index"
checksum = "75030f3c4f45dafd7586dd6780965a8c7e8e285a5ecb86713e63a79c5b2766f3"
dependencies = [
 "cfg-if",
]

[[package]]
name = "libc"
version = "0.2.186"
source = "registry+https://github.com/rust-lang/crates.io-index"
checksum = "68ab91017fe16c622486840e4c83c9a37afeff978bd239b5293d61ece587de66"

[[package]]
name = "screen-cli"
version = "0.0.1"
dependencies = [
 "libc",
 "screen-config",
 "screen-daemon",
 "screen-platform",
 "screen-protocol",
 "screen-testkit",
]

[[package]]
name = "screen-config"
version = "0.0.1"

[[package]]
name = "screen-core"
version = "0.0.1"

[[package]]
name = "screen-daemon"
version = "0.0.1"
dependencies = [
 "encoding_rs",
 "libc",
 "screen-core",
 "screen-protocol",
 "screen-pty",
 "screen-terminal",
]

[[package]]
name = "screen-platform"
version = "0.0.1"

[[package]]
name = "screen-protocol"
version = "0.0.1"

[[package]]
name = "screen-pty"
version = "0.0.1"

[[package]]
name = "screen-terminal"
version = "0.0.1"

[[package]]
name = "screen-testkit"
version = "0.0.1"
dependencies = [
 "screen-platform",
 "screen-pty",
]
