# This file is automatically @generated by Cargo.
# It is not intended for manual editing.
version = 4

[[package]]
name = "screen-cli"
version = "0.0.1"
dependencies = [
 "screen-config",
 "screen-daemon",
 "screen-platform",
 "screen-protocol",
 "screen-testkit",
]

[[package]]
name = "screen-config"
version = "0.0.1"

[[package]]
name = "screen-core"
version = "0.0.1"

[[package]]
name = "screen-daemon"
version = "0.0.1"
dependencies = [
 "screen-core",
 "screen-protocol",
 "screen-pty",
]

[[package]]
name = "screen-platform"
version = "0.0.1"

[[package]]
name = "screen-protocol"
version = "0.0.1"

[[package]]
name = "screen-pty"
version = "0.0.1"

[[package]]
name = "screen-terminal"
version = "0.0.1"

[[package]]
name = "screen-testkit"
version = "0.0.1"
dependencies = [
 "screen-platform",
 "screen-pty",
]
